// !$*UTF8*$!
{
	archiveVersion = 1;
	classes = {
	};
	objectVersion = 56;
	objects = {

/* Begin PBXBuildFile section */
		ECEE59C12CA8848100545D92 /* WaterTrackerApp.swift in Sources */ = {isa = PBXBuildFile; fileRef = ECEE59C02CA8848100545D92 /* WaterTrackerApp.swift */; };
		ECEE59C32CA8848100545D92 /* ContentView.swift in Sources */ = {isa = PBXBuildFile; fileRef = ECEE59C22CA8848100545D92 /* ContentView.swift */; };
		ECEE59C52CA8848200545D92 /* Assets.xcassets in Resources */ = {isa = PBXBuildFile; fileRef = ECEE59C42CA8848200545D92 /* Assets.xcassets */; };
		ECEE59C82CA8848200545D92 /* Preview Assets.xcassets in Resources */ = {isa = PBXBuildFile; fileRef = ECEE59C72CA8848200545D92 /* Preview Assets.xcassets */; };
		ECEE59D22CA8848300545D92 /* WaterTrackerTests.swift in Sources */ = {isa = PBXBuildFile; fileRef = ECEE59D12CA8848300545D92 /* WaterTrackerTests.swift */; };
		ECEE59DC2CA8848300545D92 /* WaterTrackerUITests.swift in Sources */ = {isa = PBXBuildFile; fileRef = ECEE59DB2CA8848300545D92 /* WaterTrackerUITests.swift */; };
		ECEE59DE2CA8848300545D92 /* WaterTrackerUITestsLaunchTests.swift in Sources */ = {isa = PBXBuildFile; fileRef = ECEE59DD2CA8848300545D92 /* WaterTrackerUITestsLaunchTests.swift */; };
/* End PBXBuildFile section */

/* Begin PBXContainerItemProxy section */
		ECEE59CE2CA8848300545D92 /* PBXContainerItemProxy */ = {
			isa = PBXContainerItemProxy;
			containerPortal = ECEE59B52CA8848100545D92 /* Project object */;
			proxyType = 1;
			remoteGlobalIDString = ECEE59BC2CA8848100545D92;
			remoteInfo = WaterTracker;
		};
		ECEE59D82CA8848300545D92 /* PBXContainerItemProxy */ = {
			isa = PBXContainerItemProxy;
			containerPortal = ECEE59B52CA8848100545D92 /* Project object */;
			proxyType = 1;
			remoteGlobalIDString = ECEE59BC2CA8848100545D92;
			remoteInfo = WaterTracker;
		};
/* End PBXContainerItemProxy section */

/* Begin PBXFileReference section */
		ECEE59BD2CA8848100545D92 /* WaterTracker.app */ = {isa = PBXFileReference; explicitFileType = wrapper.application; includeInIndex = 0; path = WaterTracker.app; sourceTree = BUILT_PRODUCTS_DIR; };
		ECEE59C02CA8848100545D92 /* WaterTrackerApp.swift */ = {isa = PBXFileReference; lastKnownFileType = sourcecode.swift; path = WaterTrackerApp.swift; sourceTree = "<group>"; };
		ECEE59C22CA8848100545D92 /* ContentView.swift */ = {isa = PBXFileReference; lastKnownFileType = sourcecode.swift; path = ContentView.swift; sourceTree = "<group>"; };
		ECEE59C42CA8848200545D92 /* Assets.xcassets */ = {isa = PBXFileReference; lastKnownFileType = folder.assetcatalog; path = Assets.xcassets; sourceTree = "<group>"; };
		ECEE59C72CA8848200545D92 /* Preview Assets.xcassets */ = {isa = PBXFileReference; lastKnownFileType = folder.assetcatalog; path = "Preview Assets.xcassets"; sourceTree = "<group>"; };
		ECEE59CD2CA8848300545D92 /* WaterTrackerTests.xctest */ = {isa = PBXFileReference; explicitFileType = wrapper.cfbundle; includeInIndex = 0; path = WaterTrackerTests.xctest; sourceTree = BUILT_PRODUCTS_DIR; };
		ECEE59D12CA8848300545D92 /* WaterTrackerTests.swift */ = {isa = PBXFileReference; lastKnownFileType = sourcecode.swift; path = WaterTrackerTests.swift; sourceTree = "<group>"; };
		ECEE59D72CA8848300545D92 /* WaterTrackerUITests.xctest */ = {isa = PBXFileReference; explicitFileType = wrapper.cfbundle; includeInIndex = 0; path = WaterTrackerUITests.xctest; sourceTree = BUILT_PRODUCTS_DIR; };
		ECEE59DB2CA8848300545D92 /* WaterTrackerUITests.swift */ = {isa = PBXFileReference; lastKnownFileType = sourcecode.swift; path = WaterTrackerUITests.swift; sourceTree = "<group>"; };
		ECEE59DD2CA8848300545D92 /* WaterTrackerUITestsLaunchTests.swift */ = {isa = PBXFileReference; lastKnownFileType = sourcecode.swift; path = WaterTrackerUITestsLaunchTests.swift; sourceTree = "<group>"; };
/* End PBXFileReference section */

/* Begin PBXFrameworksBuildPhase section */
		ECEE59BA2CA8848100545D92 /* Frameworks */ = {
			isa = PBXFrameworksBuildPhase;
			buildActionMask = 2147483647;
			files = (
			);
			runOnlyForDeploymentPostprocessing = 0;
		};
		ECEE59CA2CA8848300545D92 /* Frameworks */ = {
			isa = PBXFrameworksBuildPhase;
			buildActionMask = 2147483647;
			files = (
			);
			runOnlyForDeploymentPostprocessing = 0;
		};
		ECEE59D42CA8848300545D92 /* Frameworks */ = {
			isa = PBXFrameworksBuildPhase;
			buildActionMask = 2147483647;
			files = (
			);
			runOnlyForDeploymentPostprocessing = 0;
		};
/* End PBXFrameworksBuildPhase section */

/* Begin PBXGroup section */
		ECEE59B42CA8848100545D92 = {
			isa = PBXGroup;
			children = (
				ECEE59BF2CA8848100545D92 /* WaterTracker */,
				ECEE59D02CA8848300545D92 /* WaterTrackerTests */,
				ECEE59DA2CA8848300545D92 /* WaterTrackerUITests */,
				ECEE59BE2CA8848100545D92 /* Products */,
			);
			sourceTree = "<group>";
		};
		ECEE59BE2CA8848100545D92 /* Products */ = {
			isa = PBXGroup;
			children = (
				ECEE59BD2CA8848100545D92 /* WaterTracker.app */,
				ECEE59CD2CA8848300545D92 /* WaterTrackerTests.xctest */,
				ECEE59D72CA8848300545D92 /* WaterTrackerUITests.xctest */,
			);
			name = Products;
			sourceTree = "<group>";
		};
		ECEE59BF2CA8848100545D92 /* WaterTracker */ = {
			isa = PBXGroup;
			children = (
				ECEE59C02CA8848100545D92 /* WaterTrackerApp.swift */,
				ECEE59C22CA8848100545D92 /* ContentView.swift */,
				ECEE59C42CA8848200545D92 /* Assets.xcassets */,
				ECEE59C62CA8848200545D92 /* Preview Content */,
			);
			path = WaterTracker;
			sourceTree = "<group>";
		};
		ECEE59C62CA8848200545D92 /* Preview Content */ = {
			isa = PBXGroup;
			children = (
				ECEE59C72CA8848200545D92 /* Preview Assets.xcassets */,
			);
			path = "Preview Content";
			sourceTree = "<group>";
		};
		ECEE59D02CA8848300545D92 /* WaterTrackerTests */ = {
			isa = PBXGroup;
			children = (
				ECEE59D12CA8848300545D92 /* WaterTrackerTests.swift */,
			);
			path = WaterTrackerTests;
			sourceTree = "<group>";
		};
		ECEE59DA2CA8848300545D92 /* WaterTrackerUITests */ = {
			isa = PBXGroup;
			children = (
				ECEE59DB2CA8848300545D92 /* WaterTrackerUITests.swift */,
				ECEE59DD2CA8848300545D92 /* WaterTrackerUITestsLaunchTests.swift */,
			);
			path = WaterTrackerUITests;
			sourceTree = "<group>";
		};
/* End PBXGroup section */

/* Begin PBXNativeTarget section */
		ECEE59BC2CA8848100545D92 /* WaterTracker */ = {
			isa = PBXNativeTarget;
			buildConfigurationList = ECEE59E12CA8848300545D92 /* Build configuration list for PBXNativeTarget "WaterTracker" */;
			buildPhases = (
				ECEE59B92CA8848100545D92 /* Sources */,
				ECEE59BA2CA8848100545D92 /* Frameworks */,
				ECEE59BB2CA8848100545D92 /* Resources */,
			);
			buildRules = (
			);
			dependencies = (
			);
			name = WaterTracker;
			productName = WaterTracker;
			productReference = ECEE59BD2CA8848100545D92 /* WaterTracker.app */;
			productType = "com.apple.product-type.application";
		};
		ECEE59CC2CA8848300545D92 /* WaterTrackerTests */ = {
			isa = PBXNativeTarget;
			buildConfigurationList = ECEE59E42CA8848300545D92 /* Build configuration list for PBXNativeTarget "WaterTrackerTests" */;
			buildPhases = (
				ECEE59C92CA8848300545D92 /* Sources */,
				ECEE59CA2CA8848300545D92 /* Frameworks */,
				ECEE59CB2CA8848300545D92 /* Resources */,
			);
			buildRules = (
			);
			dependencies = (
				ECEE59CF2CA8848300545D92 /* PBXTargetDependency */,
			);
			name = WaterTrackerTests;
			productName = WaterTrackerTests;
			productReference = ECEE59CD2CA8848300545D92 /* WaterTrackerTests.xctest */;
			productType = "com.apple.product-type.bundle.unit-test";
		};
		ECEE59D62CA8848300545D92 /* WaterTrackerUITests */ = {
			isa = PBXNativeTarget;
			buildConfigurationList = ECEE59E72CA8848300545D92 /* Build configuration list for PBXNativeTarget "WaterTrackerUITests" */;
			buildPhases = (
				ECEE59D32CA8848300545D92 /* Sources */,
				ECEE59D42CA8848300545D92 /* Frameworks */,
				ECEE59D52CA8848300545D92 /* Resources */,
			);
			buildRules = (
			);
			dependencies = (
				ECEE59D92CA8848300545D92 /* PBXTargetDependency */,
			);
			name = WaterTrackerUITests;
			productName = WaterTrackerUITests;
			productReference = ECEE59D72CA8848300545D92 /* WaterTrackerUITests.xctest */;
			productType = "com.apple.product-type.bundle.ui-testing";
		};
/* End PBXNativeTarget section */

/* Begin PBXProject section */
		ECEE59B52CA8848100545D92 /* Project object */ = {
			isa = PBXProject;
			attributes = {
				BuildIndependentTargetsInParallel = 1;
				LastSwiftUpdateCheck = 1540;
				LastUpgradeCheck = 1540;
				TargetAttributes = {
					ECEE59BC2CA8848100545D92 = {
						CreatedOnToolsVersion = 15.4;
					};
					ECEE59CC2CA8848300545D92 = {
						CreatedOnToolsVersion = 15.4;
						TestTargetID = ECEE59BC2CA8848100545D92;
					};
					ECEE59D62CA8848300545D92 = {
						CreatedOnToolsVersion = 15.4;
						TestTargetID = ECEE59BC2CA8848100545D92;
					};
				};
			};
			buildConfigurationList = ECEE59B82CA8848100545D92 /* Build configuration list for PBXProject "WaterTracker" */;
			compatibilityVersion = "Xcode 14.0";
			developmentRegion = en;
			hasScannedForEncodings = 0;
			knownRegions = (
				en,
				Base,
			);
			mainGroup = ECEE59B42CA8848100545D92;
			productRefGroup = ECEE59BE2CA8848100545D92 /* Products */;
			projectDirPath = "";
			projectRoot = "";
			targets = (
				ECEE59BC2CA8848100545D92 /* WaterTracker */,
				ECEE59CC2CA8848300545D92 /* WaterTrackerTests */,
				ECEE59D62CA8848300545D92 /* WaterTrackerUITests */,
			);
		};
/* End PBXProject section */

/* Begin PBXResourcesBuildPhase section */
		ECEE59BB2CA8848100545D92 /* Resources */ = {
			isa = PBXResourcesBuildPhase;
			buildActionMask = 2147483647;
			files = (
				ECEE59C82CA8848200545D92 /* Preview Assets.xcassets in Resources */,
				ECEE59C52CA8848200545D92 /* Assets.xcassets in Resources */,
			);
			runOnlyForDeploymentPostprocessing = 0;
		};
		ECEE59CB2CA8848300545D92 /* Resources */ = {
			isa = PBXResourcesBuildPhase;
			buildActionMask = 2147483647;
			files = (
			);
			runOnlyForDeploymentPostprocessing = 0;
		};
		ECEE59D52CA8848300545D92 /* Resources */ = {
			isa = PBXResourcesBuildPhase;
			buildActionMask = 2147483647;
			files = (
			);
			runOnlyForDeploymentPostprocessing = 0;
		};
/* End PBXResourcesBuildPhase section */

/* Begin PBXSourcesBuildPhase section */
		ECEE59B92CA8848100545D92 /* Sources */ = {
			isa = PBXSourcesBuildPhase;
			buildActionMask = 2147483647;
			files = (
				ECEE59C32CA8848100545D92 /* ContentView.swift in Sources */,
				ECEE59C12CA8848100545D92 /* WaterTrackerApp.swift in Sources */,
			);
			runOnlyForDeploymentPostprocessing = 0;
		};
		ECEE59C92CA8848300545D92 /* Sources */ = {
			isa = PBXSourcesBuildPhase;
			buildActionMask = 2147483647;
			files = (
				ECEE59D22CA8848300545D92 /* WaterTrackerTests.swift in Sources */,
			);
			runOnlyForDeploymentPostprocessing = 0;
		};
		ECEE59D32CA8848300545D92 /* Sources */ = {
			isa = PBXSourcesBuildPhase;
			buildActionMask = 2147483647;
			files = (
				ECEE59DC2CA8848300545D92 /* WaterTrackerUITests.swift in Sources */,
				ECEE59DE2CA8848300545D92 /* WaterTrackerUITestsLaunchTests.swift in Sources */,
			);
			runOnlyForDeploymentPostprocessing = 0;
		};
/* End PBXSourcesBuildPhase section */

/* Begin PBXTargetDependency section */
		ECEE59CF2CA8848300545D92 /* PBXTargetDependency */ = {
			isa = PBXTargetDependency;
			target = ECEE59BC2CA8848100545D92 /* WaterTracker */;
			targetProxy = ECEE59CE2CA8848300545D92 /* PBXContainerItemProxy */;
		};
		ECEE59D92CA8848300545D92 /* PBXTargetDependency */ = {
			isa = PBXTargetDependency;
			target = ECEE59BC2CA8848100545D92 /* WaterTracker */;
			targetProxy = ECEE59D82CA8848300545D92 /* PBXContainerItemProxy */;
		};
/* End PBXTargetDependency section */

/* Begin XCBuildConfiguration section */
		ECEE59DF2CA8848300545D92 /* Debug */ = {
			isa = XCBuildConfiguration;
			buildSettings = {
				ALWAYS_SEARCH_USER_PATHS = NO;
				ASSETCATALOG_COMPILER_GENERATE_SWIFT_ASSET_SYMBOL_EXTENSIONS = YES;
				CLANG_ANALYZER_NONNULL = YES;
				CLANG_ANALYZER_NUMBER_OBJECT_CONVERSION = YES_AGGRESSIVE;
				CLANG_CXX_LANGUAGE_STANDARD = "gnu++20";
				CLANG_ENABLE_MODULES = YES;
				CLANG_ENABLE_OBJC_ARC = YES;
				CLANG_ENABLE_OBJC_WEAK = YES;
				CLANG_WARN_BLOCK_CAPTURE_AUTORELEASING = YES;
				CLANG_WARN_BOOL_CONVERSION = YES;
				CLANG_WARN_COMMA = YES;
				CLANG_WARN_CONSTANT_CONVERSION = YES;
				CLANG_WARN_DEPRECATED_OBJC_IMPLEMENTATIONS = YES;
				CLANG_WARN_DIRECT_OBJC_ISA_USAGE = YES_ERROR;
				CLANG_WARN_DOCUMENTATION_COMMENTS = YES;
				CLANG_WARN_EMPTY_BODY = YES;
				CLANG_WARN_ENUM_CONVERSION = YES;
				CLANG_WARN_INFINITE_RECURSION = YES;
				CLANG_WARN_INT_CONVERSION = YES;
				CLANG_WARN_NON_LITERAL_NULL_CONVERSION = YES;
				CLANG_WARN_OBJC_IMPLICIT_RETAIN_SELF = YES;
				CLANG_WARN_OBJC_LITERAL_CONVERSION = YES;
				CLANG_WARN_OBJC_ROOT_CLASS = YES_ERROR;
				CLANG_WARN_QUOTED_INCLUDE_IN_FRAMEWORK_HEADER = YES;
				CLANG_WARN_RANGE_LOOP_ANALYSIS = YES;
				CLANG_WARN_STRICT_PROTOTYPES = YES;
				CLANG_WARN_SUSPICIOUS_MOVE = YES;
				CLANG_WARN_UNGUARDED_AVAILABILITY = YES_AGGRESSIVE;
				CLANG_WARN_UNREACHABLE_CODE = YES;
				CLANG_WARN__DUPLICATE_METHOD_MATCH = YES;
				COPY_PHASE_STRIP = NO;
				DEBUG_INFORMATION_FORMAT = dwarf;
				ENABLE_STRICT_OBJC_MSGSEND = YES;
				ENABLE_TESTABILITY = YES;
				ENABLE_USER_SCRIPT_SANDBOXING = YES;
				GCC_C_LANGUAGE_STANDARD = gnu17;
				GCC_DYNAMIC_NO_PIC = NO;
				GCC_NO_COMMON_BLOCKS = YES;
				GCC_OPTIMIZATION_LEVEL = 0;
				GCC_PREPROCESSOR_DEFINITIONS = (
					"DEBUG=1",
					"$(inherited)",
				);
				GCC_WARN_64_TO_32_BIT_CONVERSION = YES;
				GCC_WARN_ABOUT_RETURN_TYPE = YES_ERROR;
				GCC_WARN_UNDECLARED_SELECTOR = YES;
				GCC_WARN_UNINITIALIZED_AUTOS = YES_AGGRESSIVE;
				GCC_WARN_UNUSED_FUNCTION = YES;
				GCC_WARN_UNUSED_VARIABLE = YES;
				IPHONEOS_DEPLOYMENT_TARGET = 17.5;
				LOCALIZATION_PREFERS_STRING_CATALOGS = YES;
				MTL_ENABLE_DEBUG_INFO = INCLUDE_SOURCE;
				MTL_FAST_MATH = YES;
				ONLY_ACTIVE_ARCH = YES;
				SDKROOT = iphoneos;
				SWIFT_ACTIVE_COMPILATION_CONDITIONS = "DEBUG $(inherited)";
				SWIFT_OPTIMIZATION_LEVEL = "-Onone";
			};
			name = Debug;
		};
		ECEE59E02CA8848300545D92 /* Release */ = {
			isa = XCBuildConfiguration;
			buildSettings = {
				ALWAYS_SEARCH_USER_PATHS = NO;
				ASSETCATALOG_COMPILER_GENERATE_SWIFT_ASSET_SYMBOL_EXTENSIONS = YES;
				CLANG_ANALYZER_NONNULL = YES;
				CLANG_ANALYZER_NUMBER_OBJECT_CONVERSION = YES_AGGRESSIVE;
				CLANG_CXX_LANGUAGE_STANDARD = "gnu++20";
				CLANG_ENABLE_MODULES = YES;
				CLANG_ENABLE_OBJC_ARC = YES;
				CLANG_ENABLE_OBJC_WEAK = YES;
				CLANG_WARN_BLOCK_CAPTURE_AUTORELEASING = YES;
				CLANG_WARN_BOOL_CONVERSION = YES;
				CLANG_WARN_COMMA = YES;
				CLANG_WARN_CONSTANT_CONVERSION = YES;
				CLANG_WARN_DEPRECATED_OBJC_IMPLEMENTATIONS = YES;
				CLANG_WARN_DIRECT_OBJC_ISA_USAGE = YES_ERROR;
				CLANG_WARN_DOCUMENTATION_COMMENTS = YES;
				CLANG_WARN_EMPTY_BODY = YES;
				CLANG_WARN_ENUM_CONVERSION = YES;
				CLANG_WARN_INFINITE_RECURSION = YES;
				CLANG_WARN_INT_CONVERSION = YES;
				CLANG_WARN_NON_LITERAL_NULL_CONVERSION = YES;
				CLANG_WARN_OBJC_IMPLICIT_RETAIN_SELF = YES;
				CLANG_WARN_OBJC_LITERAL_CONVERSION = YES;
				CLANG_WARN_OBJC_ROOT_CLASS = YES_ERROR;
				CLANG_WARN_QUOTED_INCLUDE_IN_FRAMEWORK_HEADER = YES;
				CLANG_WARN_RANGE_LOOP_ANALYSIS = YES;
				CLANG_WARN_STRICT_PROTOTYPES = YES;
				CLANG_WARN_SUSPICIOUS_MOVE = YES;
				CLANG_WARN_UNGUARDED_AVAILABILITY = YES_AGGRESSIVE;
				CLANG_WARN_UNREACHABLE_CODE = YES;
				CLANG_WARN__DUPLICATE_METHOD_MATCH = YES;
				COPY_PHASE_STRIP = NO;
				DEBUG_INFORMATION_FORMAT = "dwarf-with-dsym";
				ENABLE_NS_ASSERTIONS = NO;
				ENABLE_STRICT_OBJC_MSGSEND = YES;
				ENABLE_USER_SCRIPT_SANDBOXING = YES;
				GCC_C_LANGUAGE_STANDARD = gnu17;
				GCC_NO_COMMON_BLOCKS = YES;
				GCC_WARN_64_TO_32_BIT_CONVERSION = YES;
				GCC_WARN_ABOUT_RETURN_TYPE = YES_ERROR;
				GCC_WARN_UNDECLARED_SELECTOR = YES;
				GCC_WARN_UNINITIALIZED_AUTOS = YES_AGGRESSIVE;
				GCC_WARN_UNUSED_FUNCTION = YES;
				GCC_WARN_UNUSED_VARIABLE = YES;
				IPHONEOS_DEPLOYMENT_TARGET = 17.5;
				LOCALIZATION_PREFERS_STRING_CATALOGS = YES;
				MTL_ENABLE_DEBUG_INFO = NO;
				MTL_FAST_MATH = YES;
				SDKROOT = iphoneos;
				SWIFT_COMPILATION_MODE = wholemodule;
				VALIDATE_PRODUCT = YES;
			};
			name = Release;
		};
		ECEE59E22CA8848300545D92 /* Debug */ = {
			isa = XCBuildConfiguration;
			buildSettings = {
				ASSETCATALOG_COMPILER_APPICON_NAME = AppIcon;
				ASSETCATALOG_COMPILER_GLOBAL_ACCENT_COLOR_NAME = AccentColor;
				CODE_SIGN_STYLE = Automatic;
				CURRENT_PROJECT_VERSION = 1;
				DEVELOPMENT_ASSET_PATHS = "\"WaterTracker/Preview Content\"";
				ENABLE_PREVIEWS = YES;
				GENERATE_INFOPLIST_FILE = YES;
				INFOPLIST_KEY_UIApplicationSceneManifest_Generation = YES;
				INFOPLIST_KEY_UIApplicationSupportsIndirectInputEvents = YES;
				INFOPLIST_KEY_UILaunchScreen_Generation = YES;
				INFOPLIST_KEY_UISupportedInterfaceOrientations_iPad = "UIInterfaceOrientationPortrait UIInterfaceOrientationPortraitUpsideDown UIInterfaceOrientationLandscapeLeft UIInterfaceOrientationLandscapeRight";
				INFOPLIST_KEY_UISupportedInterfaceOrientations_iPhone = "UIInterfaceOrientationPortrait UIInterfaceOrientationLandscapeLeft UIInterfaceOrientationLandscapeRight";
				LD_RUNPATH_SEARCH_PATHS = (
					"$(inherited)",
					"@executable_path/Frameworks",
				);
				MARKETING_VERSION = 1.0;
				PRODUCT_BUNDLE_IDENTIFIER = com.maryam.WaterTracker;
				PRODUCT_NAME = "$(TARGET_NAME)";
				SWIFT_EMIT_LOC_STRINGS = YES;
				SWIFT_VERSION = 5.0;
				TARGETED_DEVICE_FAMILY = "1,2";
			};
			name = Debug;
		};
		ECEE59E32CA8848300545D92 /* Release */ = {
			isa = XCBuildConfiguration;
			buildSettings = {
				ASSETCATALOG_COMPILER_APPICON_NAME = AppIcon;
				ASSETCATALOG_COMPILER_GLOBAL_ACCENT_COLOR_NAME = AccentColor;
				CODE_SIGN_STYLE = Automatic;
				CURRENT_PROJECT_VERSION = 1;
				DEVELOPMENT_ASSET_PATHS = "\"WaterTracker/Preview Content\"";
				ENABLE_PREVIEWS = YES;
				GENERATE_INFOPLIST_FILE = YES;
				INFOPLIST_KEY_UIApplicationSceneManifest_Generation = YES;
				INFOPLIST_KEY_UIApplicationSupportsIndirectInputEvents = YES;
				INFOPLIST_KEY_UILaunchScreen_Generation = YES;
				INFOPLIST_KEY_UISupportedInterfaceOrientations_iPad = "UIInterfaceOrientationPortrait UIInterfaceOrientationPortraitUpsideDown UIInterfaceOrientationLandscapeLeft UIInterfaceOrientationLandscapeRight";
				INFOPLIST_KEY_UISupportedInterfaceOrientations_iPhone = "UIInterfaceOrientationPortrait UIInterfaceOrientationLandscapeLeft UIInterfaceOrientationLandscapeRight";
				LD_RUNPATH_SEARCH_PATHS = (
					"$(inherited)",
					"@executable_path/Frameworks",
				);
				MARKETING_VERSION = 1.0;
				PRODUCT_BUNDLE_IDENTIFIER = com.maryam.WaterTracker;
				PRODUCT_NAME = "$(TARGET_NAME)";
				SWIFT_EMIT_LOC_STRINGS = YES;
				SWIFT_VERSION = 5.0;
				TARGETED_DEVICE_FAMILY = "1,2";
			};
			name = Release;
		};
		ECEE59E52CA8848300545D92 /* Debug */ = {
			isa = XCBuildConfiguration;
			buildSettings = {
				ALWAYS_EMBED_SWIFT_STANDARD_LIBRARIES = YES;
				BUNDLE_LOADER = "$(TEST_HOST)";
				CODE_SIGN_STYLE = Automatic;
				CURRENT_PROJECT_VERSION = 1;
				GENERATE_INFOPLIST_FILE = YES;
				IPHONEOS_DEPLOYMENT_TARGET = 17.5;
				MARKETING_VERSION = 1.0;
				PRODUCT_BUNDLE_IDENTIFIER = com.maryam.WaterTrackerTests;
				PRODUCT_NAME = "$(TARGET_NAME)";
				SWIFT_EMIT_LOC_STRINGS = NO;
				SWIFT_VERSION = 5.0;
				TARGETED_DEVICE_FAMILY = "1,2";
				TEST_HOST = "$(BUILT_PRODUCTS_DIR)/WaterTracker.app/$(BUNDLE_EXECUTABLE_FOLDER_PATH)/WaterTracker";
			};
			name = Debug;
		};
		ECEE59E62CA8848300545D92 /* Release */ = {
			isa = XCBuildConfiguration;
			buildSettings = {
				ALWAYS_EMBED_SWIFT_STANDARD_LIBRARIES = YES;
				BUNDLE_LOADER = "$(TEST_HOST)";
				CODE_SIGN_STYLE = Automatic;
				CURRENT_PROJECT_VERSION = 1;
				GENERATE_INFOPLIST_FILE = YES;
				IPHONEOS_DEPLOYMENT_TARGET = 17.5;
				MARKETING_VERSION = 1.0;
				PRODUCT_BUNDLE_IDENTIFIER = com.maryam.WaterTrackerTests;
				PRODUCT_NAME = "$(TARGET_NAME)";
				SWIFT_EMIT_LOC_STRINGS = NO;
				SWIFT_VERSION = 5.0;
				TARGETED_DEVICE_FAMILY = "1,2";
				TEST_HOST = "$(BUILT_PRODUCTS_DIR)/WaterTracker.app/$(BUNDLE_EXECUTABLE_FOLDER_PATH)/WaterTracker";
			};
			name = Release;
		};
		ECEE59E82CA8848300545D92 /* Debug */ = {
			isa = XCBuildConfiguration;
			buildSettings = {
				ALWAYS_EMBED_SWIFT_STANDARD_LIBRARIES = YES;
				CODE_SIGN_STYLE = Automatic;
				CURRENT_PROJECT_VERSION = 1;
				GENERATE_INFOPLIST_FILE = YES;
				MARKETING_VERSION = 1.0;
				PRODUCT_BUNDLE_IDENTIFIER = com.maryam.WaterTrackerUITests;
				PRODUCT_NAME = "$(TARGET_NAME)";
				SWIFT_EMIT_LOC_STRINGS = NO;
				SWIFT_VERSION = 5.0;
				TARGETED_DEVICE_FAMILY = "1,2";
				TEST_TARGET_NAME = WaterTracker;
			};
			name = Debug;
		};
		ECEE59E92CA8848300545D92 /* Release */ = {
			isa = XCBuildConfiguration;
			buildSettings = {
				ALWAYS_EMBED_SWIFT_STANDARD_LIBRARIES = YES;
				CODE_SIGN_STYLE = Automatic;
				CURRENT_PROJECT_VERSION = 1;
				GENERATE_INFOPLIST_FILE = YES;
				MARKETING_VERSION = 1.0;
				PRODUCT_BUNDLE_IDENTIFIER = com.maryam.WaterTrackerUITests;
				PRODUCT_NAME = "$(TARGET_NAME)";
				SWIFT_EMIT_LOC_STRINGS = NO;
				SWIFT_VERSION = 5.0;
				TARGETED_DEVICE_FAMILY = "1,2";
				TEST_TARGET_NAME = WaterTracker;
			};
			name = Release;
		};
/* End XCBuildConfiguration section */

/* Begin XCConfigurationList section */
		ECEE59B82CA8848100545D92 /* Build configuration list for PBXProject "WaterTracker" */ = {
			isa = XCConfigurationList;
			buildConfigurations = (
				ECEE59DF2CA8848300545D92 /* Debug */,
				ECEE59E02CA8848300545D92 /* Release */,
			);
			defaultConfigurationIsVisible = 0;
			defaultConfigurationName = Release;
		};
		ECEE59E12CA8848300545D92 /* Build configuration list for PBXNativeTarget "WaterTracker" */ = {
			isa = XCConfigurationList;
			buildConfigurations = (
				ECEE59E22CA8848300545D92 /* Debug */,
				ECEE59E32CA8848300545D92 /* Release */,
			);
			defaultConfigurationIsVisible = 0;
			defaultConfigurationName = Release;
		};
		ECEE59E42CA8848300545D92 /* Build configuration list for PBXNativeTarget "WaterTrackerTests" */ = {
			isa = XCConfigurationList;
			buildConfigurations = (
				ECEE59E52CA8848300545D92 /* Debug */,
				ECEE59E62CA8848300545D92 /* Release */,
			);
			defaultConfigurationIsVisible = 0;
			defaultConfigurationName = Release;
		};
		ECEE59E72CA8848300545D92 /* Build configuration list for PBXNativeTarget "WaterTrackerUITests" */ = {
			isa = XCConfigurationList;
			buildConfigurations = (
				ECEE59E82CA8848300545D92 /* Debug */,
				ECEE59E92CA8848300545D92 /* Release */,
			);
			defaultConfigurationIsVisible = 0;
			defaultConfigurationName = Release;
		};
/* End XCConfigurationList section */
	};
	rootObject = ECEE59B52CA8848100545D92 /* Project object */;
}
